<?xml version="1.0" encoding="utf-8"?>
<Project ToolsVersion="4.0" xmlns="http://schemas.microsoft.com/developer/msbuild/2003">
  <ItemGroup>
    <Filter Include="Source Files">
      <UniqueIdentifier>{4FC737F1-C7A5-4376-A066-2A32D752A2FF}</UniqueIdentifier>
      <Extensions>cpp;c;cc;cxx;c++;def;odl;idl;hpj;bat;asm;asmx</Extensions>
    </Filter>
    <Filter Include="Header Files">
      <UniqueIdentifier>{93995380-89BD-4b04-88EB-625FBE52EBFB}</UniqueIdentifier>
      <Extensions>h;hh;hpp;hxx;h++;hm;inl;inc;ipp;xsd</Extensions>
    </Filter>
    <Filter Include="Resource Files">
      <UniqueIdentifier>{67DA6AB6-F800-4c08-8B7A-83BB121AAD01}</UniqueIdentifier>
      <Extensions>rc;ico;cur;bmp;dlg;rc2;rct;bin;rgs;gif;jpg;jpeg;jpe;resx;tiff;tif;png;wav;mfcribbon-ms</Extensions>
    </Filter>
  </ItemGroup>
  <ItemGroup>
    <ClInclude Include="abstractastronomy.h">
      <Filter>Header Files</Filter>
    </ClInclude>
    <ClInclude Include="abstracthimmel.h">
      <Filter>Header Files</Filter>
    </ClInclude>
    <ClInclude Include="abstractmappedhimmel.h">
      <Filter>Header Files</Filter>
    </ClInclude>
    <ClInclude Include="astronomy.h">
      <Filter>Header Files</Filter>
    </ClInclude>
    <ClInclude Include="astronomy2.h">
      <Filter>Header Files</Filter>
    </ClInclude>
    <ClInclude Include="atime.h">
      <Filter>Header Files</Filter>
    </ClInclude>
    <ClInclude Include="atmospheregeode.h">
      <Filter>Header Files</Filter>
    </ClInclude>
    <ClInclude Include="atmosphereprecompute.h">
      <Filter>Header Files</Filter>
    </ClInclude>
    <ClInclude Include="brightstars.h">
      <Filter>Header Files</Filter>
    </ClInclude>
    <ClInclude Include="cloudlayerhighgeode.h">
      <Filter>Header Files</Filter>
    </ClInclude>
    <ClInclude Include="coords.h">
      <Filter>Header Files</Filter>
    </ClInclude>
    <ClInclude Include="cubemappedhimmel.h">
      <Filter>Header Files</Filter>
    </ClInclude>
    <ClInclude Include="declspec.h">
      <Filter>Header Files</Filter>
    </ClInclude>
    <ClInclude Include="dubecloudlayergeode.h">
      <Filter>Header Files</Filter>
    </ClInclude>
    <ClInclude Include="earth.h">
      <Filter>Header Files</Filter>
    </ClInclude>
    <ClInclude Include="earth2.h">
      <Filter>Header Files</Filter>
    </ClInclude>
    <ClInclude Include="gaussianmapgenerator.h">
      <Filter>Header Files</Filter>
    </ClInclude>
    <ClInclude Include="highcloudlayergeode.h">
      <Filter>Header Files</Filter>
    </ClInclude>
    <ClInclude Include="himmel.h">
      <Filter>Header Files</Filter>
    </ClInclude>
    <ClInclude Include="himmelenvmap.h">
      <Filter>Header Files</Filter>
    </ClInclude>
    <ClInclude Include="himmeloverlay.h">
      <Filter>Header Files</Filter>
    </ClInclude>
    <ClInclude Include="himmelquad.h">
      <Filter>Header Files</Filter>
    </ClInclude>
    <ClInclude Include="horizonband.h">
      <Filter>Header Files</Filter>
    </ClInclude>
    <ClInclude Include="interpolate.h">
      <Filter>Header Files</Filter>
    </ClInclude>
    <ClInclude Include="julianday.h">
      <Filter>Header Files</Filter>
    </ClInclude>
    <ClInclude Include="mathmacros.h">
      <Filter>Header Files</Filter>
    </ClInclude>
    <ClInclude Include="moon.h">
      <Filter>Header Files</Filter>
    </ClInclude>
    <ClInclude Include="moon2.h">
      <Filter>Header Files</Filter>
    </ClInclude>
    <ClInclude Include="moongeode.h">
      <Filter>Header Files</Filter>
    </ClInclude>
    <ClInclude Include="moonglaregeode.h">
      <Filter>Header Files</Filter>
    </ClInclude>
    <ClInclude Include="noise.h">
      <Filter>Header Files</Filter>
    </ClInclude>
    <ClInclude Include="osgposter.h">
      <Filter>Header Files</Filter>
    </ClInclude>
    <ClInclude Include="paraboloidmappedhimmel.h">
      <Filter>Header Files</Filter>
    </ClInclude>
    <ClInclude Include="perlinmapgenerator.h">
      <Filter>Header Files</Filter>
    </ClInclude>
    <ClInclude Include="polarmappedhimmel.h">
      <Filter>Header Files</Filter>
    </ClInclude>
    <ClInclude Include="pragmanote.h">
      <Filter>Header Files</Filter>
    </ClInclude>
    <ClInclude Include="randommapgenerator.h">
      <Filter>Header Files</Filter>
    </ClInclude>
    <ClInclude Include="siderealtime.h">
      <Filter>Header Files</Filter>
    </ClInclude>
    <ClInclude Include="spheremappedhimmel.h">
      <Filter>Header Files</Filter>
    </ClInclude>
    <ClInclude Include="starmapgeode.h">
      <Filter>Header Files</Filter>
    </ClInclude>
    <ClInclude Include="stars.h">
      <Filter>Header Files</Filter>
    </ClInclude>
    <ClInclude Include="starsgeode.h">
      <Filter>Header Files</Filter>
    </ClInclude>
    <ClInclude Include="strutils.h">
      <Filter>Header Files</Filter>
    </ClInclude>
    <ClInclude Include="sun.h">
      <Filter>Header Files</Filter>
    </ClInclude>
    <ClInclude Include="sun2.h">
      <Filter>Header Files</Filter>
    </ClInclude>
    <ClInclude Include="timef.h">
      <Filter>Header Files</Filter>
    </ClInclude>
    <ClInclude Include="twounitschanger.h">
      <Filter>Header Files</Filter>
    </ClInclude>
    <ClInclude Include="typedefs.h">
      <Filter>Header Files</Filter>
    </ClInclude>
    <ClInclude Include="shaderfragment\blend_difference.h">
      <Filter>Header Files</Filter>
    </ClInclude>
    <ClInclude Include="shaderfragment\blend_lineardodge.h">
      <Filter>Header Files</Filter>
    </ClInclude>
    <ClInclude Include="shaderfragment\blend_multiply.h">
      <Filter>Header Files</Filter>
    </ClInclude>
    <ClInclude Include="shaderfragment\blend_normal.h">
      <Filter>Header Files</Filter>
    </ClInclude>
    <ClInclude Include="shaderfragment\blend_screen.h">
      <Filter>Header Files</Filter>
    </ClInclude>
    <ClInclude Include="shaderfragment\bruneton_common.h">
      <Filter>Header Files</Filter>
    </ClInclude>
    <ClInclude Include="shaderfragment\bruneton_inscatter.h">
      <Filter>Header Files</Filter>
    </ClInclude>
    <ClInclude Include="shaderfragment\bruneton_irradiance.h">
      <Filter>Header Files</Filter>
    </ClInclude>
    <ClInclude Include="shaderfragment\bruneton_transmittance.h">
      <Filter>Header Files</Filter>
    </ClInclude>
    <ClInclude Include="shaderfragment\cloudlayer.h">
      <Filter>Header Files</Filter>
    </ClInclude>
    <ClInclude Include="shaderfragment\common.h">
      <Filter>Header Files</Filter>
    </ClInclude>
    <ClInclude Include="shaderfragment\compose.h">
      <Filter>Header Files</Filter>
    </ClInclude>
    <ClInclude Include="shaderfragment\dither.h">
      <Filter>Header Files</Filter>
    </ClInclude>
    <ClInclude Include="shaderfragment\fakesun.h">
      <Filter>Header Files</Filter>
    </ClInclude>
    <ClInclude Include="shaderfragment\hband.h">
      <Filter>Header Files</Filter>
    </ClInclude>
    <ClInclude Include="shaderfragment\pseudo_rand.h">
      <Filter>Header Files</Filter>
    </ClInclude>
    <ClInclude Include="shaderfragment\scattering.h">
      <Filter>Header Files</Filter>
    </ClInclude>
    <ClInclude Include="shaderfragment\noise2.h">
      <Filter>Header Files</Filter>
    </ClInclude>
  </ItemGroup>
  <ItemGroup>
    <ClCompile Include="abstractastronomy.cpp">
      <Filter>Source Files</Filter>
    </ClCompile>
    <ClCompile Include="abstracthimmel.cpp">
      <Filter>Source Files</Filter>
    </ClCompile>
    <ClCompile Include="abstractmappedhimmel.cpp">
      <Filter>Source Files</Filter>
    </ClCompile>
    <ClCompile Include="astronomy.cpp">
      <Filter>Source Files</Filter>
    </ClCompile>
    <ClCompile Include="astronomy2.cpp">
      <Filter>Source Files</Filter>
    </ClCompile>
    <ClCompile Include="atime.cpp">
      <Filter>Source Files</Filter>
    </ClCompile>
    <ClCompile Include="atmospheregeode.cpp">
      <Filter>Source Files</Filter>
    </ClCompile>
    <ClCompile Include="atmosphereprecompute.cpp">
      <Filter>Source Files</Filter>
    </ClCompile>
    <ClCompile Include="brightstars.cpp">
      <Filter>Source Files</Filter>
    </ClCompile>
    <ClCompile Include="cloudlayerhighgeode.cpp">
      <Filter>Source Files</Filter>
    </ClCompile>
    <ClCompile Include="coords.cpp">
      <Filter>Source Files</Filter>
    </ClCompile>
    <ClCompile Include="cubemappedhimmel.cpp">
      <Filter>Source Files</Filter>
    </ClCompile>
    <ClCompile Include="dubecloudlayergeode.cpp">
      <Filter>Source Files</Filter>
    </ClCompile>
    <ClCompile Include="earth.cpp">
      <Filter>Source Files</Filter>
    </ClCompile>
    <ClCompile Include="earth2.cpp">
      <Filter>Source Files</Filter>
    </ClCompile>
    <ClCompile Include="gaussianmapgenerator.cpp">
      <Filter>Source Files</Filter>
    </ClCompile>
    <ClCompile Include="highcloudlayergeode.cpp">
      <Filter>Source Files</Filter>
    </ClCompile>
    <ClCompile Include="himmel.cpp">
      <Filter>Source Files</Filter>
    </ClCompile>
    <ClCompile Include="himmelenvmap.cpp">
      <Filter>Source Files</Filter>
    </ClCompile>
    <ClCompile Include="himmeloverlay.cpp">
      <Filter>Source Files</Filter>
    </ClCompile>
    <ClCompile Include="himmelquad.cpp">
      <Filter>Source Files</Filter>
    </ClCompile>
    <ClCompile Include="horizonband.cpp">
      <Filter>Source Files</Filter>
    </ClCompile>
    <ClCompile Include="julianday.cpp">
      <Filter>Source Files</Filter>
    </ClCompile>
    <ClCompile Include="moon.cpp">
      <Filter>Source Files</Filter>
    </ClCompile>
    <ClCompile Include="moon2.cpp">
      <Filter>Source Files</Filter>
    </ClCompile>
    <ClCompile Include="moongeode.cpp">
      <Filter>Source Files</Filter>
    </ClCompile>
    <ClCompile Include="moonglaregeode.cpp">
      <Filter>Source Files</Filter>
    </ClCompile>
    <ClCompile Include="noise.cpp">
      <Filter>Source Files</Filter>
    </ClCompile>
    <ClCompile Include="osgposter.cpp">
      <Filter>Source Files</Filter>
    </ClCompile>
    <ClCompile Include="paraboloidmappedhimmel.cpp">
      <Filter>Source Files</Filter>
    </ClCompile>
    <ClCompile Include="perlinmapgenerator.cpp">
      <Filter>Source Files</Filter>
    </ClCompile>
    <ClCompile Include="polarmappedhimmel.cpp">
      <Filter>Source Files</Filter>
    </ClCompile>
    <ClCompile Include="randommapgenerator.cpp">
      <Filter>Source Files</Filter>
    </ClCompile>
    <ClCompile Include="siderealtime.cpp">
      <Filter>Source Files</Filter>
    </ClCompile>
    <ClCompile Include="spheremappedhimmel.cpp">
      <Filter>Source Files</Filter>
    </ClCompile>
    <ClCompile Include="starmapgeode.cpp">
      <Filter>Source Files</Filter>
    </ClCompile>
    <ClCompile Include="stars.cpp">
      <Filter>Source Files</Filter>
    </ClCompile>
    <ClCompile Include="starsgeode.cpp">
      <Filter>Source Files</Filter>
    </ClCompile>
    <ClCompile Include="strutils.cpp">
      <Filter>Source Files</Filter>
    </ClCompile>
    <ClCompile Include="sun.cpp">
      <Filter>Source Files</Filter>
    </ClCompile>
    <ClCompile Include="sun2.cpp">
      <Filter>Source Files</Filter>
    </ClCompile>
    <ClCompile Include="timef.cpp">
      <Filter>Source Files</Filter>
    </ClCompile>
    <ClCompile Include="twounitschanger.cpp">
      <Filter>Source Files</Filter>
    </ClCompile>
    <ClCompile Include="shaderfragment\blend_difference.cpp">
      <Filter>Source Files</Filter>
    </ClCompile>
    <ClCompile Include="shaderfragment\blend_lineardodge.cpp">
      <Filter>Source Files</Filter>
    </ClCompile>
    <ClCompile Include="shaderfragment\blend_multiply.cpp">
      <Filter>Source Files</Filter>
    </ClCompile>
    <ClCompile Include="shaderfragment\blend_normal.cpp">
      <Filter>Source Files</Filter>
    </ClCompile>
    <ClCompile Include="shaderfragment\blend_screen.cpp">
      <Filter>Source Files</Filter>
    </ClCompile>
    <ClCompile Include="shaderfragment\bruneton_common.cpp">
      <Filter>Source Files</Filter>
    </ClCompile>
    <ClCompile Include="shaderfragment\bruneton_inscatter.cpp">
      <Filter>Source Files</Filter>
    </ClCompile>
    <ClCompile Include="shaderfragment\bruneton_irradiance.cpp">
      <Filter>Source Files</Filter>
    </ClCompile>
    <ClCompile Include="shaderfragment\bruneton_transmittance.cpp">
      <Filter>Source Files</Filter>
    </ClCompile>
    <ClCompile Include="shaderfragment\cloudlayer.cpp">
      <Filter>Source Files</Filter>
    </ClCompile>
    <ClCompile Include="shaderfragment\common.cpp">
      <Filter>Source Files</Filter>
    </ClCompile>
    <ClCompile Include="shaderfragment\dither.cpp">
      <Filter>Source Files</Filter>
    </ClCompile>
    <ClCompile Include="shaderfragment\fakesun.cpp">
      <Filter>Source Files</Filter>
    </ClCompile>
    <ClCompile Include="shaderfragment\hband.cpp">
      <Filter>Source Files</Filter>
    </ClCompile>
    <ClCompile Include="shaderfragment\pseudo_rand.cpp">
      <Filter>Source Files</Filter>
    </ClCompile>
    <ClCompile Include="shaderfragment\scattering.cpp">
      <Filter>Source Files</Filter>
    </ClCompile>
    <ClCompile Include="shaderfragment\noise2.cpp">
      <Filter>Source Files</Filter>
    </ClCompile>
  </ItemGroup>
</Project>