
Microsoft Visual Studio Solution File, Format Version 12.00
# Visual Studio Version 16
VisualStudioVersion = 16.0.29806.167
MinimumVisualStudioVersion = 10.0.40219.1
Project("{8BC9CEB8-8B4A-11D0-8D11-00A0C91BC942}") = "muparserx", "muparserx\muparserx.vcxproj", "{6A78E245-2268-4403-A118-094B7CF0768F}"
EndProject
Project("{8BC9CEB8-8B4A-11D0-8D11-00A0C91BC942}") = "Utils", "Utils\Utils.vcxproj", "{4C373EF8-D960-4678-82B9-C07BE60EF3DA}"
EndProject
Project("{8BC9CEB8-8B4A-11D0-8D11-00A0C91BC942}") = "OSGCoreTest", "OSGCoreTest\OSGCoreTest.vcxproj", "{D05EBC53-D9D3-4C85-B3FD-E95F70A8F788}"
	ProjectSection(ProjectDependencies) = postProject
		{C4A0FF43-4F77-477C-A80A-FE57FA06287E} = {C4A0FF43-4F77-477C-A80A-FE57FA06287E}
		{19076E7B-2196-4839-93ED-C5BECF6B4C6B} = {19076E7B-2196-4839-93ED-C5BECF6B4C6B}
	EndProjectSection
EndProject
Project("{2150E333-8FDC-42A3-9474-1A3956D46DE8}") = "UnitTest", "UnitTest", "{6C8FE9BF-F751-4D2B-A66B-906B0DE6B109}"
EndProject
Project("{8BC9CEB8-8B4A-11D0-8D11-00A0C91BC942}") = "ParametricDesigner", "ParametricDesigner\ParametricDesigner.vcxproj", "{5AFD65B9-B6DC-4F2B-BBAB-F9669CE0B537}"
	ProjectSection(ProjectDependencies) = postProject
		{C4A0FF43-4F77-477C-A80A-FE57FA06287E} = {C4A0FF43-4F77-477C-A80A-FE57FA06287E}
		{6A78E245-2268-4403-A118-094B7CF0768F} = {6A78E245-2268-4403-A118-094B7CF0768F}
		{19076E7B-2196-4839-93ED-C5BECF6B4C6B} = {19076E7B-2196-4839-93ED-C5BECF6B4C6B}
		{D6DCCDC1-5F10-4DA6-886E-B8D84430F68F} = {D6DCCDC1-5F10-4DA6-886E-B8D84430F68F}
		{918232C3-2180-4579-87AB-A4126BADABA2} = {918232C3-2180-4579-87AB-A4126BADABA2}
		{A38D24F4-9918-4468-A33E-9170C0CCDAE6} = {A38D24F4-9918-4468-A33E-9170C0CCDAE6}
		{4C373EF8-D960-4678-82B9-C07BE60EF3DA} = {4C373EF8-D960-4678-82B9-C07BE60EF3DA}
	EndProjectSection
EndProject
Project("{8BC9CEB8-8B4A-11D0-8D11-00A0C91BC942}") = "Config", "Config\Config.vcxproj", "{918232C3-2180-4579-87AB-A4126BADABA2}"
EndProject
Project("{8BC9CEB8-8B4A-11D0-8D11-00A0C91BC942}") = "SpaceManager", "SpaceManager\SpaceManager.vcxproj", "{A38D24F4-9918-4468-A33E-9170C0CCDAE6}"
EndProject
Project("{8BC9CEB8-8B4A-11D0-8D11-00A0C91BC942}") = "Update", "Update\Update.vcxproj", "{12B6D1C5-FC4D-433C-8022-153CF7A7EF0C}"
EndProject
Project("{8BC9CEB8-8B4A-11D0-8D11-00A0C91BC942}") = "Manufacturing", "Manufacturing\Manufacturing.vcxproj", "{4882A726-D102-45A3-9C7C-7B4FBCEA8440}"
EndProject
Project("{8BC9CEB8-8B4A-11D0-8D11-00A0C91BC942}") = "Lofting", "Lofting\Lofting.vcxproj", "{D5B45E85-3F73-4C2A-B280-61349F651F3F}"
EndProject
Project("{8BC9CEB8-8B4A-11D0-8D11-00A0C91BC942}") = "Component", "Component\Component.vcxproj", "{C4A0FF43-4F77-477C-A80A-FE57FA06287E}"
	ProjectSection(ProjectDependencies) = postProject
		{6A78E245-2268-4403-A118-094B7CF0768F} = {6A78E245-2268-4403-A118-094B7CF0768F}
	EndProjectSection
EndProject
Project("{8BC9CEB8-8B4A-11D0-8D11-00A0C91BC942}") = "Event3D", "Event3D\Event3D.vcxproj", "{C27CB90D-6115-417E-9ED4-98E7F0C8AA14}"
EndProject
Project("{8BC9CEB8-8B4A-11D0-8D11-00A0C91BC942}") = "Event2D", "Event2D\Event2D.vcxproj", "{4F902C1B-556B-4035-A366-4CF2B7CFB59A}"
EndProject
Project("{8BC9CEB8-8B4A-11D0-8D11-00A0C91BC942}") = "SceneManager", "SceneManager\SceneManager.vcxproj", "{D6DCCDC1-5F10-4DA6-886E-B8D84430F68F}"
	ProjectSection(ProjectDependencies) = postProject
		{C4A0FF43-4F77-477C-A80A-FE57FA06287E} = {C4A0FF43-4F77-477C-A80A-FE57FA06287E}
		{19076E7B-2196-4839-93ED-C5BECF6B4C6B} = {19076E7B-2196-4839-93ED-C5BECF6B4C6B}
		{918232C3-2180-4579-87AB-A4126BADABA2} = {918232C3-2180-4579-87AB-A4126BADABA2}
		{4C373EF8-D960-4678-82B9-C07BE60EF3DA} = {4C373EF8-D960-4678-82B9-C07BE60EF3DA}
	EndProjectSection
EndProject
Project("{8BC9CEB8-8B4A-11D0-8D11-00A0C91BC942}") = "GLTFHelper", "GLTFHelper\GLTFHelper.vcxproj", "{19076E7B-2196-4839-93ED-C5BECF6B4C6B}"
	ProjectSection(ProjectDependencies) = postProject
		{C4A0FF43-4F77-477C-A80A-FE57FA06287E} = {C4A0FF43-4F77-477C-A80A-FE57FA06287E}
		{918232C3-2180-4579-87AB-A4126BADABA2} = {918232C3-2180-4579-87AB-A4126BADABA2}
		{4C373EF8-D960-4678-82B9-C07BE60EF3DA} = {4C373EF8-D960-4678-82B9-C07BE60EF3DA}
	EndProjectSection
EndProject
Global
	GlobalSection(SolutionConfigurationPlatforms) = preSolution
		Debug|Any CPU = Debug|Any CPU
		Debug|x64 = Debug|x64
		Debug|x86 = Debug|x86
		Release|Any CPU = Release|Any CPU
		Release|x64 = Release|x64
		Release|x86 = Release|x86
	EndGlobalSection
	GlobalSection(ProjectConfigurationPlatforms) = postSolution
		{6A78E245-2268-4403-A118-094B7CF0768F}.Debug|Any CPU.ActiveCfg = Debug|x64
		{6A78E245-2268-4403-A118-094B7CF0768F}.Debug|Any CPU.Build.0 = Debug|x64
		{6A78E245-2268-4403-A118-094B7CF0768F}.Debug|x64.ActiveCfg = Debug|x64
		{6A78E245-2268-4403-A118-094B7CF0768F}.Debug|x64.Build.0 = Debug|x64
		{6A78E245-2268-4403-A118-094B7CF0768F}.Debug|x86.ActiveCfg = Debug|x64
		{6A78E245-2268-4403-A118-094B7CF0768F}.Release|Any CPU.ActiveCfg = Release|x64
		{6A78E245-2268-4403-A118-094B7CF0768F}.Release|x64.ActiveCfg = Release|x64
		{6A78E245-2268-4403-A118-094B7CF0768F}.Release|x64.Build.0 = Release|x64
		{6A78E245-2268-4403-A118-094B7CF0768F}.Release|x86.ActiveCfg = Release|x64
		{4C373EF8-D960-4678-82B9-C07BE60EF3DA}.Debug|Any CPU.ActiveCfg = Debug|Win32
		{4C373EF8-D960-4678-82B9-C07BE60EF3DA}.Debug|x64.ActiveCfg = Debug|x64
		{4C373EF8-D960-4678-82B9-C07BE60EF3DA}.Debug|x64.Build.0 = Debug|x64
		{4C373EF8-D960-4678-82B9-C07BE60EF3DA}.Debug|x86.ActiveCfg = Debug|Win32
		{4C373EF8-D960-4678-82B9-C07BE60EF3DA}.Debug|x86.Build.0 = Debug|Win32
		{4C373EF8-D960-4678-82B9-C07BE60EF3DA}.Release|Any CPU.ActiveCfg = Release|Win32
		{4C373EF8-D960-4678-82B9-C07BE60EF3DA}.Release|x64.ActiveCfg = Release|x64
		{4C373EF8-D960-4678-82B9-C07BE60EF3DA}.Release|x64.Build.0 = Release|x64
		{4C373EF8-D960-4678-82B9-C07BE60EF3DA}.Release|x86.ActiveCfg = Release|Win32
		{4C373EF8-D960-4678-82B9-C07BE60EF3DA}.Release|x86.Build.0 = Release|Win32
		{D05EBC53-D9D3-4C85-B3FD-E95F70A8F788}.Debug|Any CPU.ActiveCfg = Debug|Win32
		{D05EBC53-D9D3-4C85-B3FD-E95F70A8F788}.Debug|x64.ActiveCfg = Debug|x64
		{D05EBC53-D9D3-4C85-B3FD-E95F70A8F788}.Debug|x64.Build.0 = Debug|x64
		{D05EBC53-D9D3-4C85-B3FD-E95F70A8F788}.Debug|x86.ActiveCfg = Debug|Win32
		{D05EBC53-D9D3-4C85-B3FD-E95F70A8F788}.Debug|x86.Build.0 = Debug|Win32
		{D05EBC53-D9D3-4C85-B3FD-E95F70A8F788}.Release|Any CPU.ActiveCfg = Release|Win32
		{D05EBC53-D9D3-4C85-B3FD-E95F70A8F788}.Release|x64.ActiveCfg = Release|x64
		{D05EBC53-D9D3-4C85-B3FD-E95F70A8F788}.Release|x64.Build.0 = Release|x64
		{D05EBC53-D9D3-4C85-B3FD-E95F70A8F788}.Release|x86.ActiveCfg = Release|Win32
		{D05EBC53-D9D3-4C85-B3FD-E95F70A8F788}.Release|x86.Build.0 = Release|Win32
		{5AFD65B9-B6DC-4F2B-BBAB-F9669CE0B537}.Debug|Any CPU.ActiveCfg = Debug|Win32
		{5AFD65B9-B6DC-4F2B-BBAB-F9669CE0B537}.Debug|x64.ActiveCfg = Debug|x64
		{5AFD65B9-B6DC-4F2B-BBAB-F9669CE0B537}.Debug|x64.Build.0 = Debug|x64
		{5AFD65B9-B6DC-4F2B-BBAB-F9669CE0B537}.Debug|x86.ActiveCfg = Debug|Win32
		{5AFD65B9-B6DC-4F2B-BBAB-F9669CE0B537}.Debug|x86.Build.0 = Debug|Win32
		{5AFD65B9-B6DC-4F2B-BBAB-F9669CE0B537}.Release|Any CPU.ActiveCfg = Release|Win32
		{5AFD65B9-B6DC-4F2B-BBAB-F9669CE0B537}.Release|x64.ActiveCfg = Release|x64
		{5AFD65B9-B6DC-4F2B-BBAB-F9669CE0B537}.Release|x64.Build.0 = Release|x64
		{5AFD65B9-B6DC-4F2B-BBAB-F9669CE0B537}.Release|x86.ActiveCfg = Release|Win32
		{5AFD65B9-B6DC-4F2B-BBAB-F9669CE0B537}.Release|x86.Build.0 = Release|Win32
		{918232C3-2180-4579-87AB-A4126BADABA2}.Debug|Any CPU.ActiveCfg = Debug|Win32
		{918232C3-2180-4579-87AB-A4126BADABA2}.Debug|x64.ActiveCfg = Debug|x64
		{918232C3-2180-4579-87AB-A4126BADABA2}.Debug|x64.Build.0 = Debug|x64
		{918232C3-2180-4579-87AB-A4126BADABA2}.Debug|x86.ActiveCfg = Debug|Win32
		{918232C3-2180-4579-87AB-A4126BADABA2}.Debug|x86.Build.0 = Debug|Win32
		{918232C3-2180-4579-87AB-A4126BADABA2}.Release|Any CPU.ActiveCfg = Release|Win32
		{918232C3-2180-4579-87AB-A4126BADABA2}.Release|x64.ActiveCfg = Release|x64
		{918232C3-2180-4579-87AB-A4126BADABA2}.Release|x64.Build.0 = Release|x64
		{918232C3-2180-4579-87AB-A4126BADABA2}.Release|x86.ActiveCfg = Release|Win32
		{918232C3-2180-4579-87AB-A4126BADABA2}.Release|x86.Build.0 = Release|Win32
		{A38D24F4-9918-4468-A33E-9170C0CCDAE6}.Debug|Any CPU.ActiveCfg = Debug|Win32
		{A38D24F4-9918-4468-A33E-9170C0CCDAE6}.Debug|x64.ActiveCfg = Debug|x64
		{A38D24F4-9918-4468-A33E-9170C0CCDAE6}.Debug|x64.Build.0 = Debug|x64
		{A38D24F4-9918-4468-A33E-9170C0CCDAE6}.Debug|x86.ActiveCfg = Debug|Win32
		{A38D24F4-9918-4468-A33E-9170C0CCDAE6}.Debug|x86.Build.0 = Debug|Win32
		{A38D24F4-9918-4468-A33E-9170C0CCDAE6}.Release|Any CPU.ActiveCfg = Release|Win32
		{A38D24F4-9918-4468-A33E-9170C0CCDAE6}.Release|x64.ActiveCfg = Release|x64
		{A38D24F4-9918-4468-A33E-9170C0CCDAE6}.Release|x64.Build.0 = Release|x64
		{A38D24F4-9918-4468-A33E-9170C0CCDAE6}.Release|x86.ActiveCfg = Release|Win32
		{A38D24F4-9918-4468-A33E-9170C0CCDAE6}.Release|x86.Build.0 = Release|Win32
		{12B6D1C5-FC4D-433C-8022-153CF7A7EF0C}.Debug|Any CPU.ActiveCfg = Debug|Win32
		{12B6D1C5-FC4D-433C-8022-153CF7A7EF0C}.Debug|x64.ActiveCfg = Debug|x64
		{12B6D1C5-FC4D-433C-8022-153CF7A7EF0C}.Debug|x64.Build.0 = Debug|x64
		{12B6D1C5-FC4D-433C-8022-153CF7A7EF0C}.Debug|x86.ActiveCfg = Debug|Win32
		{12B6D1C5-FC4D-433C-8022-153CF7A7EF0C}.Debug|x86.Build.0 = Debug|Win32
		{12B6D1C5-FC4D-433C-8022-153CF7A7EF0C}.Release|Any CPU.ActiveCfg = Release|Win32
		{12B6D1C5-FC4D-433C-8022-153CF7A7EF0C}.Release|x64.ActiveCfg = Release|x64
		{12B6D1C5-FC4D-433C-8022-153CF7A7EF0C}.Release|x64.Build.0 = Release|x64
		{12B6D1C5-FC4D-433C-8022-153CF7A7EF0C}.Release|x86.ActiveCfg = Release|Win32
		{12B6D1C5-FC4D-433C-8022-153CF7A7EF0C}.Release|x86.Build.0 = Release|Win32
		{4882A726-D102-45A3-9C7C-7B4FBCEA8440}.Debug|Any CPU.ActiveCfg = Debug|Win32
		{4882A726-D102-45A3-9C7C-7B4FBCEA8440}.Debug|x64.ActiveCfg = Debug|x64
		{4882A726-D102-45A3-9C7C-7B4FBCEA8440}.Debug|x64.Build.0 = Debug|x64
		{4882A726-D102-45A3-9C7C-7B4FBCEA8440}.Debug|x86.ActiveCfg = Debug|Win32
		{4882A726-D102-45A3-9C7C-7B4FBCEA8440}.Debug|x86.Build.0 = Debug|Win32
		{4882A726-D102-45A3-9C7C-7B4FBCEA8440}.Release|Any CPU.ActiveCfg = Release|Win32
		{4882A726-D102-45A3-9C7C-7B4FBCEA8440}.Release|x64.ActiveCfg = Release|x64
		{4882A726-D102-45A3-9C7C-7B4FBCEA8440}.Release|x64.Build.0 = Release|x64
		{4882A726-D102-45A3-9C7C-7B4FBCEA8440}.Release|x86.ActiveCfg = Release|Win32
		{4882A726-D102-45A3-9C7C-7B4FBCEA8440}.Release|x86.Build.0 = Release|Win32
		{D5B45E85-3F73-4C2A-B280-61349F651F3F}.Debug|Any CPU.ActiveCfg = Debug|Win32
		{D5B45E85-3F73-4C2A-B280-61349F651F3F}.Debug|x64.ActiveCfg = Debug|x64
		{D5B45E85-3F73-4C2A-B280-61349F651F3F}.Debug|x64.Build.0 = Debug|x64
		{D5B45E85-3F73-4C2A-B280-61349F651F3F}.Debug|x86.ActiveCfg = Debug|Win32
		{D5B45E85-3F73-4C2A-B280-61349F651F3F}.Debug|x86.Build.0 = Debug|Win32
		{D5B45E85-3F73-4C2A-B280-61349F651F3F}.Release|Any CPU.ActiveCfg = Release|Win32
		{D5B45E85-3F73-4C2A-B280-61349F651F3F}.Release|x64.ActiveCfg = Release|x64
		{D5B45E85-3F73-4C2A-B280-61349F651F3F}.Release|x64.Build.0 = Release|x64
		{D5B45E85-3F73-4C2A-B280-61349F651F3F}.Release|x86.ActiveCfg = Release|Win32
		{D5B45E85-3F73-4C2A-B280-61349F651F3F}.Release|x86.Build.0 = Release|Win32
		{C4A0FF43-4F77-477C-A80A-FE57FA06287E}.Debug|Any CPU.ActiveCfg = Debug|Win32
		{C4A0FF43-4F77-477C-A80A-FE57FA06287E}.Debug|x64.ActiveCfg = Debug|x64
		{C4A0FF43-4F77-477C-A80A-FE57FA06287E}.Debug|x64.Build.0 = Debug|x64
		{C4A0FF43-4F77-477C-A80A-FE57FA06287E}.Debug|x86.ActiveCfg = Debug|Win32
		{C4A0FF43-4F77-477C-A80A-FE57FA06287E}.Debug|x86.Build.0 = Debug|Win32
		{C4A0FF43-4F77-477C-A80A-FE57FA06287E}.Release|Any CPU.ActiveCfg = Release|Win32
		{C4A0FF43-4F77-477C-A80A-FE57FA06287E}.Release|x64.ActiveCfg = Release|x64
		{C4A0FF43-4F77-477C-A80A-FE57FA06287E}.Release|x64.Build.0 = Release|x64
		{C4A0FF43-4F77-477C-A80A-FE57FA06287E}.Release|x86.ActiveCfg = Release|Win32
		{C4A0FF43-4F77-477C-A80A-FE57FA06287E}.Release|x86.Build.0 = Release|Win32
		{C27CB90D-6115-417E-9ED4-98E7F0C8AA14}.Debug|Any CPU.ActiveCfg = Debug|Win32
		{C27CB90D-6115-417E-9ED4-98E7F0C8AA14}.Debug|x64.ActiveCfg = Debug|x64
		{C27CB90D-6115-417E-9ED4-98E7F0C8AA14}.Debug|x64.Build.0 = Debug|x64
		{C27CB90D-6115-417E-9ED4-98E7F0C8AA14}.Debug|x86.ActiveCfg = Debug|Win32
		{C27CB90D-6115-417E-9ED4-98E7F0C8AA14}.Debug|x86.Build.0 = Debug|Win32
		{C27CB90D-6115-417E-9ED4-98E7F0C8AA14}.Release|Any CPU.ActiveCfg = Release|Win32
		{C27CB90D-6115-417E-9ED4-98E7F0C8AA14}.Release|x64.ActiveCfg = Release|x64
		{C27CB90D-6115-417E-9ED4-98E7F0C8AA14}.Release|x64.Build.0 = Release|x64
		{C27CB90D-6115-417E-9ED4-98E7F0C8AA14}.Release|x86.ActiveCfg = Release|Win32
		{C27CB90D-6115-417E-9ED4-98E7F0C8AA14}.Release|x86.Build.0 = Release|Win32
		{4F902C1B-556B-4035-A366-4CF2B7CFB59A}.Debug|Any CPU.ActiveCfg = Debug|Win32
		{4F902C1B-556B-4035-A366-4CF2B7CFB59A}.Debug|x64.ActiveCfg = Debug|x64
		{4F902C1B-556B-4035-A366-4CF2B7CFB59A}.Debug|x64.Build.0 = Debug|x64
		{4F902C1B-556B-4035-A366-4CF2B7CFB59A}.Debug|x86.ActiveCfg = Debug|Win32
		{4F902C1B-556B-4035-A366-4CF2B7CFB59A}.Debug|x86.Build.0 = Debug|Win32
		{4F902C1B-556B-4035-A366-4CF2B7CFB59A}.Release|Any CPU.ActiveCfg = Release|Win32
		{4F902C1B-556B-4035-A366-4CF2B7CFB59A}.Release|x64.ActiveCfg = Release|x64
		{4F902C1B-556B-4035-A366-4CF2B7CFB59A}.Release|x64.Build.0 = Release|x64
		{4F902C1B-556B-4035-A366-4CF2B7CFB59A}.Release|x86.ActiveCfg = Release|Win32
		{4F902C1B-556B-4035-A366-4CF2B7CFB59A}.Release|x86.Build.0 = Release|Win32
		{D6DCCDC1-5F10-4DA6-886E-B8D84430F68F}.Debug|Any CPU.ActiveCfg = Debug|Win32
		{D6DCCDC1-5F10-4DA6-886E-B8D84430F68F}.Debug|x64.ActiveCfg = Debug|x64
		{D6DCCDC1-5F10-4DA6-886E-B8D84430F68F}.Debug|x64.Build.0 = Debug|x64
		{D6DCCDC1-5F10-4DA6-886E-B8D84430F68F}.Debug|x86.ActiveCfg = Debug|Win32
		{D6DCCDC1-5F10-4DA6-886E-B8D84430F68F}.Debug|x86.Build.0 = Debug|Win32
		{D6DCCDC1-5F10-4DA6-886E-B8D84430F68F}.Release|Any CPU.ActiveCfg = Release|Win32
		{D6DCCDC1-5F10-4DA6-886E-B8D84430F68F}.Release|x64.ActiveCfg = Release|x64
		{D6DCCDC1-5F10-4DA6-886E-B8D84430F68F}.Release|x64.Build.0 = Release|x64
		{D6DCCDC1-5F10-4DA6-886E-B8D84430F68F}.Release|x86.ActiveCfg = Release|Win32
		{D6DCCDC1-5F10-4DA6-886E-B8D84430F68F}.Release|x86.Build.0 = Release|Win32
		{19076E7B-2196-4839-93ED-C5BECF6B4C6B}.Debug|Any CPU.ActiveCfg = Debug|Win32
		{19076E7B-2196-4839-93ED-C5BECF6B4C6B}.Debug|x64.ActiveCfg = Debug|x64
		{19076E7B-2196-4839-93ED-C5BECF6B4C6B}.Debug|x64.Build.0 = Debug|x64
		{19076E7B-2196-4839-93ED-C5BECF6B4C6B}.Debug|x86.ActiveCfg = Debug|Win32
		{19076E7B-2196-4839-93ED-C5BECF6B4C6B}.Debug|x86.Build.0 = Debug|Win32
		{19076E7B-2196-4839-93ED-C5BECF6B4C6B}.Release|Any CPU.ActiveCfg = Release|Win32
		{19076E7B-2196-4839-93ED-C5BECF6B4C6B}.Release|x64.ActiveCfg = Release|x64
		{19076E7B-2196-4839-93ED-C5BECF6B4C6B}.Release|x64.Build.0 = Release|x64
		{19076E7B-2196-4839-93ED-C5BECF6B4C6B}.Release|x86.ActiveCfg = Release|Win32
		{19076E7B-2196-4839-93ED-C5BECF6B4C6B}.Release|x86.Build.0 = Release|Win32
	EndGlobalSection
	GlobalSection(SolutionProperties) = preSolution
		HideSolutionNode = FALSE
	EndGlobalSection
	GlobalSection(NestedProjects) = preSolution
		{D05EBC53-D9D3-4C85-B3FD-E95F70A8F788} = {6C8FE9BF-F751-4D2B-A66B-906B0DE6B109}
	EndGlobalSection
	GlobalSection(ExtensibilityGlobals) = postSolution
		SolutionGuid = {432535D6-48AE-41C3-99B9-3331F60147E5}
	EndGlobalSection
EndGlobal
