<?xml version="1.0" encoding="utf-8"?>
<Project ToolsVersion="4.0" xmlns="http://schemas.microsoft.com/developer/msbuild/2003">
  <ItemGroup>
    <Filter Include="WebView">
      <UniqueIdentifier>{b1d59740-4187-475f-aa30-7389fca0acf5}</UniqueIdentifier>
    </Filter>
    <Filter Include="WXApp">
      <UniqueIdentifier>{a43e025b-52ba-4ab2-b610-ee6ef9280d66}</UniqueIdentifier>
    </Filter>
    <Filter Include="WebCode">
      <UniqueIdentifier>{7d6da2a7-9e6f-4155-8736-e65a1d83445e}</UniqueIdentifier>
    </Filter>
  </ItemGroup>
  <ItemGroup>
    <ClInclude Include="WebView\ClientHandler.h">
      <Filter>WebView</Filter>
    </ClInclude>
    <ClInclude Include="WebView\Widget.h">
      <Filter>WebView</Filter>
    </ClInclude>
    <ClInclude Include="WebView\CefHelper.h">
      <Filter>WebView</Filter>
    </ClInclude>
    <ClInclude Include="WebView\WebApp.h">
      <Filter>WebView</Filter>
    </ClInclude>
    <ClInclude Include="WXApp\App.h">
      <Filter>WXApp</Filter>
    </ClInclude>
    <ClInclude Include="WXApp\EnumID.h">
      <Filter>WXApp</Filter>
    </ClInclude>
    <ClInclude Include="WXApp\Frame.h">
      <Filter>WXApp</Filter>
    </ClInclude>
    <ClInclude Include="WXApp\WXIncluding.h">
      <Filter>WXApp</Filter>
    </ClInclude>
  </ItemGroup>
  <ItemGroup>
    <ClCompile Include="WebView\ClientHandler.cpp">
      <Filter>WebView</Filter>
    </ClCompile>
    <ClCompile Include="WebView\Widget.cpp">
      <Filter>WebView</Filter>
    </ClCompile>
    <ClCompile Include="WebView\CefHelper.cpp">
      <Filter>WebView</Filter>
    </ClCompile>
    <ClCompile Include="WebView\WebApp.cpp">
      <Filter>WebView</Filter>
    </ClCompile>
    <ClCompile Include="main.cpp" />
    <ClCompile Include="WXApp\App.cpp">
      <Filter>WXApp</Filter>
    </ClCompile>
    <ClCompile Include="WXApp\Frame.cpp">
      <Filter>WXApp</Filter>
    </ClCompile>
  </ItemGroup>
  <ItemGroup>
    <None Include="packages.config" />
  </ItemGroup>
</Project>