<?xml version="1.0" encoding="utf-8"?>
<Project ToolsVersion="4.0" xmlns="http://schemas.microsoft.com/developer/msbuild/2003">
  <ItemGroup>
    <ClInclude Include="SceneManagerExport.h" />
    <ClInclude Include="Manager\IManager.h">
      <Filter>Manager</Filter>
    </ClInclude>
    <ClInclude Include="Manager\Manager.h">
      <Filter>Manager</Filter>
    </ClInclude>
    <ClInclude Include="SkyBox\SkyBox.h">
      <Filter>SkyBox</Filter>
    </ClInclude>
    <ClInclude Include="TopScene\TopScene.h">
      <Filter>TopScene</Filter>
    </ClInclude>
  </ItemGroup>
  <ItemGroup>
    <Filter Include="Manager">
      <UniqueIdentifier>{cc6d7afd-4770-485e-9097-aed00f8e8f2b}</UniqueIdentifier>
    </Filter>
    <Filter Include="SkyBox">
      <UniqueIdentifier>{3eda47eb-33c3-4d93-9e3c-bc7382939a4d}</UniqueIdentifier>
    </Filter>
    <Filter Include="TopScene">
      <UniqueIdentifier>{17eba4ea-efb7-419e-9f1e-19b3a1ecd11d}</UniqueIdentifier>
    </Filter>
  </ItemGroup>
  <ItemGroup>
    <ClCompile Include="Manager\IManager.cpp">
      <Filter>Manager</Filter>
    </ClCompile>
    <ClCompile Include="Manager\Manager.cpp">
      <Filter>Manager</Filter>
    </ClCompile>
    <ClCompile Include="TopScene\TopScene.cpp">
      <Filter>TopScene</Filter>
    </ClCompile>
    <ClCompile Include="SkyBox\SkyBox.cpp">
      <Filter>SkyBox</Filter>
    </ClCompile>
  </ItemGroup>
</Project>