<?xml version="1.0" encoding="utf-8"?>
<Project ToolsVersion="4.0" xmlns="http://schemas.microsoft.com/developer/msbuild/2003">
  <ItemGroup>
    <ClInclude Include="SceneManagerExport.h" />
    <ClInclude Include="Manager\IManager.h">
      <Filter>Manager</Filter>
    </ClInclude>
    <ClInclude Include="Manager\Manager.h">
      <Filter>Manager</Filter>
    </ClInclude>
    <ClInclude Include="TopScene\TopScene.h">
      <Filter>TopScene</Filter>
    </ClInclude>
    <ClInclude Include="Environment\Ground.h">
      <Filter>Environment</Filter>
    </ClInclude>
    <ClInclude Include="Environment\SkyDome.h">
      <Filter>Environment</Filter>
    </ClInclude>
    <ClInclude Include="Environment\Enviroment.h">
      <Filter>Environment</Filter>
    </ClInclude>
    <ClInclude Include="Environment\EnvriomentBaseGeode.h">
      <Filter>Environment</Filter>
    </ClInclude>
  </ItemGroup>
  <ItemGroup>
    <Filter Include="Manager">
      <UniqueIdentifier>{cc6d7afd-4770-485e-9097-aed00f8e8f2b}</UniqueIdentifier>
    </Filter>
    <Filter Include="TopScene">
      <UniqueIdentifier>{17eba4ea-efb7-419e-9f1e-19b3a1ecd11d}</UniqueIdentifier>
    </Filter>
    <Filter Include="Environment">
      <UniqueIdentifier>{cab30097-a4df-47c6-b6c5-9cccb30b6ded}</UniqueIdentifier>
    </Filter>
  </ItemGroup>
  <ItemGroup>
    <ClCompile Include="Manager\IManager.cpp">
      <Filter>Manager</Filter>
    </ClCompile>
    <ClCompile Include="Manager\Manager.cpp">
      <Filter>Manager</Filter>
    </ClCompile>
    <ClCompile Include="TopScene\TopScene.cpp">
      <Filter>TopScene</Filter>
    </ClCompile>
    <ClCompile Include="Environment\Ground.cpp">
      <Filter>Environment</Filter>
    </ClCompile>
    <ClCompile Include="Environment\SkyDome.cpp">
      <Filter>Environment</Filter>
    </ClCompile>
    <ClCompile Include="Environment\Enviroment.cpp">
      <Filter>Environment</Filter>
    </ClCompile>
    <ClCompile Include="Environment\EnvriomentBaseGeode.cpp" />
  </ItemGroup>
</Project>