<?xml version="1.0" encoding="utf-8"?>
<Project ToolsVersion="4.0" xmlns="http://schemas.microsoft.com/developer/msbuild/2003">
  <ItemGroup>
    <Filter Include="Component">
      <UniqueIdentifier>{784dd200-4e64-4510-9bd0-32ec1962f246}</UniqueIdentifier>
    </Filter>
  </ItemGroup>
  <ItemGroup>
    <ClInclude Include="FrameGroup.h">
      <Filter>Component</Filter>
    </ClInclude>
    <ClInclude Include="Panel.h">
      <Filter>Component</Filter>
    </ClInclude>
    <ClInclude Include="ObjectFactory.h">
      <Filter>Component</Filter>
    </ClInclude>
    <ClInclude Include="Model.h">
      <Filter>Component</Filter>
    </ClInclude>
    <ClInclude Include="Handler.h">
      <Filter>Component</Filter>
    </ClInclude>
    <ClInclude Include="Hard.h">
      <Filter>Component</Filter>
    </ClInclude>
  </ItemGroup>
  <ItemGroup>
    <ClCompile Include="FrameGroup.cpp">
      <Filter>Component</Filter>
    </ClCompile>
    <ClCompile Include="Handler.cpp">
      <Filter>Component</Filter>
    </ClCompile>
    <ClCompile Include="Hard.cpp">
      <Filter>Component</Filter>
    </ClCompile>
    <ClCompile Include="ObjectFactory.cpp">
      <Filter>Component</Filter>
    </ClCompile>
    <ClCompile Include="Panel.cpp">
      <Filter>Component</Filter>
    </ClCompile>
  </ItemGroup>
</Project>