<?xml version="1.0" encoding="utf-8"?>
<Project ToolsVersion="4.0" xmlns="http://schemas.microsoft.com/developer/msbuild/2003">
  <ItemGroup>
    <Filter Include="Resource Files">
      <UniqueIdentifier>{67DA6AB6-F800-4c08-8B7A-83BB121AAD01}</UniqueIdentifier>
      <Extensions>rc;ico;cur;bmp;dlg;rc2;rct;bin;rgs;gif;jpg;jpeg;jpe;resx;tiff;tif;png;wav;mfcribbon-ms</Extensions>
    </Filter>
    <Filter Include="Component">
      <UniqueIdentifier>{784dd200-4e64-4510-9bd0-32ec1962f246}</UniqueIdentifier>
    </Filter>
    <Filter Include="Core">
      <UniqueIdentifier>{d6a918e3-b1ef-4c0a-a98c-0ca0219c5d62}</UniqueIdentifier>
    </Filter>
    <Filter Include="Test">
      <UniqueIdentifier>{d037e87d-8c28-48e5-8430-e39fa7c65f00}</UniqueIdentifier>
    </Filter>
    <Filter Include="shader">
      <UniqueIdentifier>{ddc49634-85e8-4144-892a-574168c35e83}</UniqueIdentifier>
    </Filter>
  </ItemGroup>
  <ItemGroup>
    <None Include="cpp.hint" />
    <None Include="FRAGMENT.glsl">
      <Filter>shader</Filter>
    </None>
    <None Include="VERTEX.glsl">
      <Filter>shader</Filter>
    </None>
  </ItemGroup>
  <ItemGroup>
    <ClInclude Include="BaseObject.h">
      <Filter>Component</Filter>
    </ClInclude>
    <ClInclude Include="FrameGroup.h">
      <Filter>Component</Filter>
    </ClInclude>
    <ClInclude Include="Scene.h">
      <Filter>Component</Filter>
    </ClInclude>
    <ClInclude Include="ParametricComponent.h">
      <Filter>Component</Filter>
    </ClInclude>
    <ClInclude Include="Panel.h">
      <Filter>Component</Filter>
    </ClInclude>
    <ClInclude Include="ObjectFactory.h">
      <Filter>Component</Filter>
    </ClInclude>
    <ClInclude Include="Model.h">
      <Filter>Component</Filter>
    </ClInclude>
    <ClInclude Include="Handler.h">
      <Filter>Component</Filter>
    </ClInclude>
    <ClInclude Include="Hard.h">
      <Filter>Component</Filter>
    </ClInclude>
    <ClInclude Include="ImplementOSGCore.h">
      <Filter>Core</Filter>
    </ClInclude>
    <ClInclude Include="InterfaceOSGCore.h">
      <Filter>Core</Filter>
    </ClInclude>
    <ClInclude Include="OSGCoreExport.h">
      <Filter>Core</Filter>
    </ClInclude>
    <ClInclude Include="framework.h">
      <Filter>Core</Filter>
    </ClInclude>
    <ClInclude Include="pch.h">
      <Filter>Core</Filter>
    </ClInclude>
    <ClInclude Include="TestOSGWin.h">
      <Filter>Test</Filter>
    </ClInclude>
    <ClInclude Include="OSGIncluding.h" />
    <ClInclude Include="STLIncluding.h" />
    <ClInclude Include="stb_image.h" />
  </ItemGroup>
  <ItemGroup>
    <ClCompile Include="BaseObject.cpp">
      <Filter>Component</Filter>
    </ClCompile>
    <ClCompile Include="FrameGroup.cpp">
      <Filter>Component</Filter>
    </ClCompile>
    <ClCompile Include="Handler.cpp">
      <Filter>Component</Filter>
    </ClCompile>
    <ClCompile Include="Hard.cpp">
      <Filter>Component</Filter>
    </ClCompile>
    <ClCompile Include="ObjectFactory.cpp">
      <Filter>Component</Filter>
    </ClCompile>
    <ClCompile Include="Panel.cpp">
      <Filter>Component</Filter>
    </ClCompile>
    <ClCompile Include="Scene.cpp">
      <Filter>Component</Filter>
    </ClCompile>
    <ClCompile Include="dllmain.cpp">
      <Filter>Core</Filter>
    </ClCompile>
    <ClCompile Include="ImplementOSGCore.cpp">
      <Filter>Core</Filter>
    </ClCompile>
    <ClCompile Include="InterfaceOSGCore.cpp">
      <Filter>Core</Filter>
    </ClCompile>
    <ClCompile Include="pch.cpp">
      <Filter>Core</Filter>
    </ClCompile>
    <ClCompile Include="TestOSGWin.cpp">
      <Filter>Test</Filter>
    </ClCompile>
  </ItemGroup>
</Project>