<?xml version="1.0" encoding="utf-8"?>
<Project ToolsVersion="4.0" xmlns="http://schemas.microsoft.com/developer/msbuild/2003">
  <ItemGroup>
    <Filter Include="源文件">
      <UniqueIdentifier>{4FC737F1-C7A5-4376-A066-2A32D752A2FF}</UniqueIdentifier>
      <Extensions>cpp;c;cc;cxx;c++;def;odl;idl;hpj;bat;asm;asmx</Extensions>
    </Filter>
    <Filter Include="头文件">
      <UniqueIdentifier>{93995380-89BD-4b04-88EB-625FBE52EBFB}</UniqueIdentifier>
      <Extensions>h;hh;hpp;hxx;h++;hm;inl;inc;ipp;xsd</Extensions>
    </Filter>
    <Filter Include="资源文件">
      <UniqueIdentifier>{67DA6AB6-F800-4c08-8B7A-83BB121AAD01}</UniqueIdentifier>
      <Extensions>rc;ico;cur;bmp;dlg;rc2;rct;bin;rgs;gif;jpg;jpeg;jpe;resx;tiff;tif;png;wav;mfcribbon-ms</Extensions>
    </Filter>
    <Filter Include="misc">
      <UniqueIdentifier>{bc5836f8-0aec-4212-b78c-00972ae49cd1}</UniqueIdentifier>
    </Filter>
  </ItemGroup>
  <ItemGroup>
    <ClInclude Include="BaseObject.h">
      <Filter>头文件</Filter>
    </ClInclude>
    <ClInclude Include="IComponentFactory.h">
      <Filter>头文件</Filter>
    </ClInclude>
    <ClInclude Include="Axis.h">
      <Filter>misc</Filter>
    </ClInclude>
    <ClInclude Include="Coordinate.h">
      <Filter>misc</Filter>
    </ClInclude>
    <ClInclude Include="Parametric.h">
      <Filter>头文件</Filter>
    </ClInclude>
    <ClInclude Include="BasePanel.h">
      <Filter>头文件</Filter>
    </ClInclude>
    <ClInclude Include="ComponentFactoryImp.h">
      <Filter>头文件</Filter>
    </ClInclude>
    <ClInclude Include="Export.h">
      <Filter>头文件</Filter>
    </ClInclude>
  </ItemGroup>
  <ItemGroup>
    <ClCompile Include="BaseObject.cpp">
      <Filter>源文件</Filter>
    </ClCompile>
    <ClCompile Include="Axis.cpp">
      <Filter>misc</Filter>
    </ClCompile>
    <ClCompile Include="Coordinate.cpp">
      <Filter>misc</Filter>
    </ClCompile>
    <ClCompile Include="Parametric.cpp">
      <Filter>源文件</Filter>
    </ClCompile>
    <ClCompile Include="BasePanel.cpp">
      <Filter>源文件</Filter>
    </ClCompile>
    <ClCompile Include="IComponentFactory.cpp">
      <Filter>源文件</Filter>
    </ClCompile>
    <ClCompile Include="ComponentFactoryImp.cpp">
      <Filter>源文件</Filter>
    </ClCompile>
  </ItemGroup>
</Project>