<?xml version="1.0" encoding="utf-8"?>
<Project ToolsVersion="4.0" xmlns="http://schemas.microsoft.com/developer/msbuild/2003">
  <ItemGroup>
    <Filter Include="资源文件">
      <UniqueIdentifier>{67DA6AB6-F800-4c08-8B7A-83BB121AAD01}</UniqueIdentifier>
      <Extensions>rc;ico;cur;bmp;dlg;rc2;rct;bin;rgs;gif;jpg;jpeg;jpe;resx;tiff;tif;png;wav;mfcribbon-ms</Extensions>
    </Filter>
    <Filter Include="ResourceManager">
      <UniqueIdentifier>{5063e8ad-8a3f-4b58-ac5b-11606c7b9566}</UniqueIdentifier>
    </Filter>
    <Filter Include="Import&amp;Export">
      <UniqueIdentifier>{ee1ee564-eeca-48dc-a3b8-d8194dfda080}</UniqueIdentifier>
    </Filter>
  </ItemGroup>
  <ItemGroup>
    <ClInclude Include="IGLTFResourceManager.h">
      <Filter>ResourceManager</Filter>
    </ClInclude>
    <ClInclude Include="GLTFResourceManager.h">
      <Filter>ResourceManager</Filter>
    </ClInclude>
    <ClInclude Include="ImporterImp.h">
      <Filter>Import&amp;Export</Filter>
    </ClInclude>
    <ClInclude Include="Importer.h">
      <Filter>Import&amp;Export</Filter>
    </ClInclude>
    <ClInclude Include="ExporterImp.h">
      <Filter>Import&amp;Export</Filter>
    </ClInclude>
    <ClInclude Include="Exporter.h">
      <Filter>Import&amp;Export</Filter>
    </ClInclude>
    <ClInclude Include="Export.h" />
  </ItemGroup>
  <ItemGroup>
    <ClCompile Include="IGLTFResourceManager.cpp">
      <Filter>ResourceManager</Filter>
    </ClCompile>
    <ClCompile Include="GLTFResourceManager.cpp">
      <Filter>ResourceManager</Filter>
    </ClCompile>
    <ClCompile Include="ImporterImp.cpp">
      <Filter>Import&amp;Export</Filter>
    </ClCompile>
    <ClCompile Include="Importer.cpp">
      <Filter>Import&amp;Export</Filter>
    </ClCompile>
    <ClCompile Include="ExporterImp.cpp">
      <Filter>Import&amp;Export</Filter>
    </ClCompile>
    <ClCompile Include="Exporter.cpp">
      <Filter>Import&amp;Export</Filter>
    </ClCompile>
  </ItemGroup>
</Project>